
Microsoft Visual Studio Solution File, Format Version 12.00
# Visual Studio Version 17
VisualStudioVersion = 17.2.32526.322
MinimumVisualStudioVersion = 10.0.40219.1
Project("{FAE04EC0-301F-11D3-BF4B-00C04F79EFBC}") = "MaxNumberUsingGenerics", "MaxNumberUsingGenerics\MaxNumberUsingGenerics.csproj", "{FB629D05-9F10-4E82-B9D5-FFABC80DD917}"
EndProject
Global
	GlobalSection(SolutionConfigurationPlatforms) = preSolution
		Debug|Any CPU = Debug|Any CPU
		Release|Any CPU = Release|Any CPU
	EndGlobalSection
	GlobalSection(ProjectConfigurationPlatforms) = postSolution
		{FB629D05-9F10-4E82-B9D5-FFABC80DD917}.Debug|Any CPU.ActiveCfg = Debug|Any CPU
		{FB629D05-9F10-4E82-B9D5-FFABC80DD917}.Debug|Any CPU.Build.0 = Debug|Any CPU
		{FB629D05-9F10-4E82-B9D5-FFABC80DD917}.Release|Any CPU.ActiveCfg = Release|Any CPU
		{FB629D05-9F10-4E82-B9D5-FFABC80DD917}.Release|Any CPU.Build.0 = Release|Any CPU
	EndGlobalSection
	GlobalSection(SolutionProperties) = preSolution
		HideSolutionNode = FALSE
	EndGlobalSection
	GlobalSection(ExtensibilityGlobals) = postSolution
		SolutionGuid = {5D55260E-0647-427A-9080-65188D487147}
	EndGlobalSection
EndGlobal
